version = 1
revision = 3
requires-python = ">=3.11"

[[package]]
name = "jsonline"
version = "0.3.1"
source = { editable = "." }
dependencies = [
    { name = "orjson" },
]

[package.metadata]
requires-dist = [{ name = "orjson", specifier = ">=3.10.0" }]

[[package]]
name = "orjson"
version = "3.11.1"
source = { registry = "https://pypi.org/simple" }
sdist = { url = "https://files.pythonhosted.org/packages/19/3b/fd9ff8ff64ae3900f11554d5cfc835fb73e501e043c420ad32ec574fe27f/orjson-3.11.1.tar.gz", hash = "sha256:48d82770a5fd88778063604c566f9c7c71820270c9cc9338d25147cbf34afd96", size = 5393373, upload-time = "2025-07-25T14:33:52.898Z" }
wheels = [
    { url = "https://files.pythonhosted.org/packages/a5/92/7ab270b5b3df8d5b0d3e572ddf2f03c9f6a79726338badf1ec8594e1469d/orjson-3.11.1-cp311-cp311-macosx_10_15_x86_64.macosx_11_0_arm64.macosx_10_15_universal2.whl", hash = "sha256:15e2a57ce3b57c1a36acffcc02e823afefceee0a532180c2568c62213c98e3ef", size = 240918, upload-time = "2025-07-25T14:32:11.021Z" },
    { url = "https://files.pythonhosted.org/packages/80/41/df44684cfbd2e2e03bf9b09fdb14b7abcfff267998790b6acfb69ad435f0/orjson-3.11.1-cp311-cp311-macosx_15_0_arm64.whl", hash = "sha256:17040a83ecaa130474af05bbb59a13cfeb2157d76385556041f945da936b1afd", size = 129386, upload-time = "2025-07-25T14:32:12.361Z" },
    { url = "https://files.pythonhosted.org/packages/c1/08/958f56edd18ba1827ad0c74b2b41a7ae0864718adee8ccb5d1a5528f8761/orjson-3.11.1-cp311-cp311-manylinux_2_17_aarch64.manylinux2014_aarch64.whl", hash = "sha256:1a68f23f09e5626cc0867a96cf618f68b91acb4753d33a80bf16111fd7f9928c", size = 132508, upload-time = "2025-07-25T14:32:13.917Z" },
    { url = "https://files.pythonhosted.org/packages/cc/b6/5e56e189dacbf51e53ba8150c20e61ee746f6d57b697f5c52315ffc88a83/orjson-3.11.1-cp311-cp311-manylinux_2_17_armv7l.manylinux2014_armv7l.whl", hash = "sha256:47e07528bb6ccbd6e32a55e330979048b59bfc5518b47c89bc7ab9e3de15174a", size = 128501, upload-time = "2025-07-25T14:32:15.13Z" },
    { url = "https://files.pythonhosted.org/packages/fe/de/f6c301a514f5934405fd4b8f3d3efc758c911d06c3de3f4be1e30d675fa4/orjson-3.11.1-cp311-cp311-manylinux_2_17_i686.manylinux2014_i686.whl", hash = "sha256:f3807cce72bf40a9d251d689cbec28d2efd27e0f6673709f948f971afd52cb09", size = 130465, upload-time = "2025-07-25T14:32:17.355Z" },
    { url = "https://files.pythonhosted.org/packages/47/08/f7dbaab87d6f05eebff2d7b8e6a8ed5f13b2fe3e3ae49472b527d03dbd7a/orjson-3.11.1-cp311-cp311-manylinux_2_17_ppc64le.manylinux2014_ppc64le.whl", hash = "sha256:5b2dc7e88da4ca201c940f5e6127998d9e89aa64264292334dad62854bc7fc27", size = 132416, upload-time = "2025-07-25T14:32:18.933Z" },
    { url = "https://files.pythonhosted.org/packages/43/3f/dd5a185273b7ba6aa238cfc67bf9edaa1885ae51ce942bc1a71d0f99f574/orjson-3.11.1-cp311-cp311-manylinux_2_17_s390x.manylinux2014_s390x.whl", hash = "sha256:3091dad33ac9e67c0a550cfff8ad5be156e2614d6f5d2a9247df0627751a1495", size = 134924, upload-time = "2025-07-25T14:32:20.134Z" },
    { url = "https://files.pythonhosted.org/packages/db/ef/729d23510eaa81f0ce9d938d99d72dcf5e4ed3609d9d0bcf9c8a282cc41a/orjson-3.11.1-cp311-cp311-manylinux_2_17_x86_64.manylinux2014_x86_64.whl", hash = "sha256:0ed0fce2307843b79a0c83de49f65b86197f1e2310de07af9db2a1a77a61ce4c", size = 130938, upload-time = "2025-07-25T14:32:21.769Z" },
    { url = "https://files.pythonhosted.org/packages/82/96/120feb6807f9e1f4c68fc842a0f227db8575eafb1a41b2537567b91c19d8/orjson-3.11.1-cp311-cp311-musllinux_1_2_aarch64.whl", hash = "sha256:5a31e84782a18c30abd56774c0cfa7b9884589f4d37d9acabfa0504dad59bb9d", size = 130811, upload-time = "2025-07-25T14:32:22.931Z" },
    { url = "https://files.pythonhosted.org/packages/89/66/4695e946a453fa22ff945da4b1ed0691b3f4ec86b828d398288db4a0ff79/orjson-3.11.1-cp311-cp311-musllinux_1_2_armv7l.whl", hash = "sha256:26b6c821abf1ae515fbb8e140a2406c9f9004f3e52acb780b3dee9bfffddbd84", size = 404272, upload-time = "2025-07-25T14:32:25.238Z" },
    { url = "https://files.pythonhosted.org/packages/cd/7b/1c953e2c9e55af126c6cb678a30796deb46d7713abdeb706b8765929464c/orjson-3.11.1-cp311-cp311-musllinux_1_2_i686.whl", hash = "sha256:f857b3d134b36a8436f1e24dcb525b6b945108b30746c1b0b556200b5cb76d39", size = 146196, upload-time = "2025-07-25T14:32:26.909Z" },
    { url = "https://files.pythonhosted.org/packages/bf/c2/bef5d3bc83f2e178592ff317e2cf7bd38ebc16b641f076ea49f27aadd1d3/orjson-3.11.1-cp311-cp311-musllinux_1_2_x86_64.whl", hash = "sha256:df146f2a14116ce80f7da669785fcb411406d8e80136558b0ecda4c924b9ac55", size = 135336, upload-time = "2025-07-25T14:32:28.22Z" },
    { url = "https://files.pythonhosted.org/packages/92/95/bc6006881ebdb4608ed900a763c3e3c6be0d24c3aadd62beb774f9464ec6/orjson-3.11.1-cp311-cp311-win32.whl", hash = "sha256:d777c57c1f86855fe5492b973f1012be776e0398571f7cc3970e9a58ecf4dc17", size = 136665, upload-time = "2025-07-25T14:32:29.976Z" },
    { url = "https://files.pythonhosted.org/packages/59/c3/1f2b9cc0c60ea2473d386fed2df2b25ece50aeb73c798d4669aadff3061e/orjson-3.11.1-cp311-cp311-win_amd64.whl", hash = "sha256:e9a5fd589951f02ec2fcb8d69339258bbf74b41b104c556e6d4420ea5e059313", size = 131388, upload-time = "2025-07-25T14:32:31.595Z" },
    { url = "https://files.pythonhosted.org/packages/b0/e5/40c97e5a6b85944022fe54b463470045b8651b7bb2f1e16a95c42812bf97/orjson-3.11.1-cp311-cp311-win_arm64.whl", hash = "sha256:4cddbe41ee04fddad35d75b9cf3e3736ad0b80588280766156b94783167777af", size = 126786, upload-time = "2025-07-25T14:32:32.787Z" },
    { url = "https://files.pythonhosted.org/packages/98/77/e55513826b712807caadb2b733eee192c1df105c6bbf0d965c253b72f124/orjson-3.11.1-cp312-cp312-macosx_10_15_x86_64.macosx_11_0_arm64.macosx_10_15_universal2.whl", hash = "sha256:2b7c8be96db3a977367250c6367793a3c5851a6ca4263f92f0b48d00702f9910", size = 240955, upload-time = "2025-07-25T14:32:34.056Z" },
    { url = "https://files.pythonhosted.org/packages/c9/88/a78132dddcc9c3b80a9fa050b3516bb2c996a9d78ca6fb47c8da2a80a696/orjson-3.11.1-cp312-cp312-macosx_15_0_arm64.whl", hash = "sha256:72e18088f567bd4a45db5e3196677d9ed1605e356e500c8e32dd6e303167a13d", size = 129294, upload-time = "2025-07-25T14:32:35.323Z" },
    { url = "https://files.pythonhosted.org/packages/09/02/6591e0dcb2af6bceea96cb1b5f4b48c1445492a3ef2891ac4aa306bb6f73/orjson-3.11.1-cp312-cp312-manylinux_2_17_aarch64.manylinux2014_aarch64.whl", hash = "sha256:d346e2ae1ce17888f7040b65a5a4a0c9734cb20ffbd228728661e020b4c8b3a5", size = 132310, upload-time = "2025-07-25T14:32:36.53Z" },
    { url = "https://files.pythonhosted.org/packages/e9/36/c1cfbc617bcfa4835db275d5e0fe9bbdbe561a4b53d3b2de16540ec29c50/orjson-3.11.1-cp312-cp312-manylinux_2_17_armv7l.manylinux2014_armv7l.whl", hash = "sha256:4bda5426ebb02ceb806a7d7ec9ba9ee5e0c93fca62375151a7b1c00bc634d06b", size = 128529, upload-time = "2025-07-25T14:32:37.817Z" },
    { url = "https://files.pythonhosted.org/packages/7c/bd/91a156c5df3aaf1d68b2ab5be06f1969955a8d3e328d7794f4338ac1d017/orjson-3.11.1-cp312-cp312-manylinux_2_17_i686.manylinux2014_i686.whl", hash = "sha256:10506cebe908542c4f024861102673db534fd2e03eb9b95b30d94438fa220abf", size = 130925, upload-time = "2025-07-25T14:32:39.03Z" },
    { url = "https://files.pythonhosted.org/packages/a3/4c/a65cc24e9a5f87c9833a50161ab97b5edbec98bec99dfbba13827549debc/orjson-3.11.1-cp312-cp312-manylinux_2_17_ppc64le.manylinux2014_ppc64le.whl", hash = "sha256:45202ee3f5494644e064c41abd1320497fb92fd31fc73af708708af664ac3b56", size = 132432, upload-time = "2025-07-25T14:32:40.619Z" },
    { url = "https://files.pythonhosted.org/packages/2e/4d/3fc3e5d7115f4f7d01b481e29e5a79bcbcc45711a2723242787455424f40/orjson-3.11.1-cp312-cp312-manylinux_2_17_s390x.manylinux2014_s390x.whl", hash = "sha256:e5adaf01b92e0402a9ac5c3ebe04effe2bbb115f0914a0a53d34ea239a746289", size = 135069, upload-time = "2025-07-25T14:32:41.84Z" },
    { url = "https://files.pythonhosted.org/packages/dc/c6/7585aa8522af896060dc0cd7c336ba6c574ae854416811ee6642c505cc95/orjson-3.11.1-cp312-cp312-manylinux_2_17_x86_64.manylinux2014_x86_64.whl", hash = "sha256:6162a1a757a1f1f4a94bc6ffac834a3602e04ad5db022dd8395a54ed9dd51c81", size = 131045, upload-time = "2025-07-25T14:32:43.085Z" },
    { url = "https://files.pythonhosted.org/packages/6a/4e/b8a0a943793d2708ebc39e743c943251e08ee0f3279c880aefd8e9cb0c70/orjson-3.11.1-cp312-cp312-musllinux_1_2_aarch64.whl", hash = "sha256:78404206977c9f946613d3f916727c189d43193e708d760ea5d4b2087d6b0968", size = 130597, upload-time = "2025-07-25T14:32:44.336Z" },
    { url = "https://files.pythonhosted.org/packages/72/2b/7d30e2aed2f585d5d385fb45c71d9b16ba09be58c04e8767ae6edc6c9282/orjson-3.11.1-cp312-cp312-musllinux_1_2_armv7l.whl", hash = "sha256:db48f8e81072e26df6cdb0e9fff808c28597c6ac20a13d595756cf9ba1fed48a", size = 404207, upload-time = "2025-07-25T14:32:45.612Z" },
    { url = "https://files.pythonhosted.org/packages/1b/7e/772369ec66fcbce79477f0891918309594cd00e39b67a68d4c445d2ab754/orjson-3.11.1-cp312-cp312-musllinux_1_2_i686.whl", hash = "sha256:0c1e394e67ced6bb16fea7054d99fbdd99a539cf4d446d40378d4c06e0a8548d", size = 146628, upload-time = "2025-07-25T14:32:46.981Z" },
    { url = "https://files.pythonhosted.org/packages/b4/c8/62bdb59229d7e393ae309cef41e32cc1f0b567b21dfd0742da70efb8b40c/orjson-3.11.1-cp312-cp312-musllinux_1_2_x86_64.whl", hash = "sha256:e7a840752c93d4eecd1378e9bb465c3703e127b58f675cd5c620f361b6cf57a4", size = 135449, upload-time = "2025-07-25T14:32:48.727Z" },
    { url = "https://files.pythonhosted.org/packages/02/47/1c99aa60e19f781424eabeaacd9e999eafe5b59c81ead4273b773f0f3af1/orjson-3.11.1-cp312-cp312-win32.whl", hash = "sha256:4537b0e09f45d2b74cb69c7f39ca1e62c24c0488d6bf01cd24673c74cd9596bf", size = 136653, upload-time = "2025-07-25T14:32:50.622Z" },
    { url = "https://files.pythonhosted.org/packages/31/9a/132999929a2892ab07e916669accecc83e5bff17e11a1186b4c6f23231f0/orjson-3.11.1-cp312-cp312-win_amd64.whl", hash = "sha256:dbee6b050062540ae404530cacec1bf25e56e8d87d8d9b610b935afeb6725cae", size = 131426, upload-time = "2025-07-25T14:32:51.883Z" },
    { url = "https://files.pythonhosted.org/packages/9c/77/d984ee5a1ca341090902e080b187721ba5d1573a8d9759e0c540975acfb2/orjson-3.11.1-cp312-cp312-win_arm64.whl", hash = "sha256:f55e557d4248322d87c4673e085c7634039ff04b47bfc823b87149ae12bef60d", size = 126635, upload-time = "2025-07-25T14:32:53.2Z" },
    { url = "https://files.pythonhosted.org/packages/c9/e9/880ef869e6f66279ce3a381a32afa0f34e29a94250146911eee029e56efc/orjson-3.11.1-cp313-cp313-macosx_10_15_x86_64.macosx_11_0_arm64.macosx_10_15_universal2.whl", hash = "sha256:53cfefe4af059e65aabe9683f76b9c88bf34b4341a77d329227c2424e0e59b0e", size = 240835, upload-time = "2025-07-25T14:32:54.507Z" },
    { url = "https://files.pythonhosted.org/packages/f0/1f/52039ef3d03eeea21763b46bc99ebe11d9de8510c72b7b5569433084a17e/orjson-3.11.1-cp313-cp313-macosx_15_0_arm64.whl", hash = "sha256:93d5abed5a6f9e1b6f9b5bf6ed4423c11932b5447c2f7281d3b64e0f26c6d064", size = 129226, upload-time = "2025-07-25T14:32:55.908Z" },
    { url = "https://files.pythonhosted.org/packages/ee/da/59fdffc9465a760be2cd3764ef9cd5535eec8f095419f972fddb123b6d0e/orjson-3.11.1-cp313-cp313-manylinux_2_17_aarch64.manylinux2014_aarch64.whl", hash = "sha256:5dbf06642f3db2966df504944cdd0eb68ca2717f0353bb20b20acd78109374a6", size = 132261, upload-time = "2025-07-25T14:32:57.538Z" },
    { url = "https://files.pythonhosted.org/packages/bb/5c/8610911c7e969db7cf928c8baac4b2f1e68d314bc3057acf5ca64f758435/orjson-3.11.1-cp313-cp313-manylinux_2_17_armv7l.manylinux2014_armv7l.whl", hash = "sha256:dddf4e78747fa7f2188273f84562017a3c4f0824485b78372513c1681ea7a894", size = 128614, upload-time = "2025-07-25T14:32:58.808Z" },
    { url = "https://files.pythonhosted.org/packages/f7/a1/a1db9d4310d014c90f3b7e9b72c6fb162cba82c5f46d0b345669eaebdd3a/orjson-3.11.1-cp313-cp313-manylinux_2_17_i686.manylinux2014_i686.whl", hash = "sha256:fa3fe8653c9f57f0e16f008e43626485b6723b84b2f741f54d1258095b655912", size = 130968, upload-time = "2025-07-25T14:33:00.038Z" },
    { url = "https://files.pythonhosted.org/packages/56/ff/11acd1fd7c38ea7a1b5d6bf582ae3da05931bee64620995eb08fd63c77fe/orjson-3.11.1-cp313-cp313-manylinux_2_17_ppc64le.manylinux2014_ppc64le.whl", hash = "sha256:6334d2382aff975a61f6f4d1c3daf39368b887c7de08f7c16c58f485dcf7adb2", size = 132439, upload-time = "2025-07-25T14:33:01.354Z" },
    { url = "https://files.pythonhosted.org/packages/70/f9/bb564dd9450bf8725e034a8ad7f4ae9d4710a34caf63b85ce1c0c6d40af0/orjson-3.11.1-cp313-cp313-manylinux_2_17_s390x.manylinux2014_s390x.whl", hash = "sha256:a3d0855b643f259ee0cb76fe3df4c04483354409a520a902b067c674842eb6b8", size = 135299, upload-time = "2025-07-25T14:33:03.079Z" },
    { url = "https://files.pythonhosted.org/packages/94/bb/c8eafe6051405e241dda3691db4d9132d3c3462d1d10a17f50837dd130b4/orjson-3.11.1-cp313-cp313-manylinux_2_17_x86_64.manylinux2014_x86_64.whl", hash = "sha256:0eacdfeefd0a79987926476eb16e0245546bedeb8febbbbcf4b653e79257a8e4", size = 131004, upload-time = "2025-07-25T14:33:04.416Z" },
    { url = "https://files.pythonhosted.org/packages/a2/40/bed8d7dcf1bd2df8813bf010a25f645863a2f75e8e0ebdb2b55784cf1a62/orjson-3.11.1-cp313-cp313-musllinux_1_2_aarch64.whl", hash = "sha256:0ed07faf9e4873518c60480325dcbc16d17c59a165532cccfb409b4cdbaeff24", size = 130583, upload-time = "2025-07-25T14:33:05.768Z" },
    { url = "https://files.pythonhosted.org/packages/57/e7/cfa2eb803ad52d74fbb5424a429b5be164e51d23f1d853e5e037173a5c48/orjson-3.11.1-cp313-cp313-musllinux_1_2_armv7l.whl", hash = "sha256:d6d308dd578ae3658f62bb9eba54801533225823cd3248c902be1ebc79b5e014", size = 404218, upload-time = "2025-07-25T14:33:07.117Z" },
    { url = "https://files.pythonhosted.org/packages/d5/21/bc703af5bc6e9c7e18dcf4404dcc4ec305ab9bb6c82d3aee5952c0c56abf/orjson-3.11.1-cp313-cp313-musllinux_1_2_i686.whl", hash = "sha256:c4aa13ca959ba6b15c0a98d3d204b850f9dc36c08c9ce422ffb024eb30d6e058", size = 146605, upload-time = "2025-07-25T14:33:08.55Z" },
    { url = "https://files.pythonhosted.org/packages/8f/fe/d26a0150534c4965a06f556aa68bf3c3b82999d5d7b0facd3af7b390c4af/orjson-3.11.1-cp313-cp313-musllinux_1_2_x86_64.whl", hash = "sha256:be3d0653322abc9b68e5bcdaee6cfd58fcbe9973740ab222b87f4d687232ab1f", size = 135434, upload-time = "2025-07-25T14:33:09.967Z" },
    { url = "https://files.pythonhosted.org/packages/89/b6/1cb28365f08cbcffc464f8512320c6eb6db6a653f03d66de47ea3c19385f/orjson-3.11.1-cp313-cp313-win32.whl", hash = "sha256:4dd34e7e2518de8d7834268846f8cab7204364f427c56fb2251e098da86f5092", size = 136596, upload-time = "2025-07-25T14:33:11.333Z" },
    { url = "https://files.pythonhosted.org/packages/f9/35/7870d0d3ed843652676d84d8a6038791113eacc85237b673b925802826b8/orjson-3.11.1-cp313-cp313-win_amd64.whl", hash = "sha256:d6895d32032b6362540e6d0694b19130bb4f2ad04694002dce7d8af588ca5f77", size = 131319, upload-time = "2025-07-25T14:33:12.614Z" },
    { url = "https://files.pythonhosted.org/packages/b7/3e/5bcd50fd865eb664d4edfdaaaff51e333593ceb5695a22c0d0a0d2b187ba/orjson-3.11.1-cp313-cp313-win_arm64.whl", hash = "sha256:bb7c36d5d3570fcbb01d24fa447a21a7fe5a41141fd88e78f7994053cc4e28f4", size = 126613, upload-time = "2025-07-25T14:33:13.927Z" },
    { url = "https://files.pythonhosted.org/packages/61/d8/0a5cd31ed100b4e569e143cb0cddefc21f0bcb8ce284f44bca0bb0e10f3d/orjson-3.11.1-cp314-cp314-macosx_10_15_x86_64.macosx_11_0_arm64.macosx_10_15_universal2.whl", hash = "sha256:7b71ef394327b3d0b39f6ea7ade2ecda2731a56c6a7cbf0d6a7301203b92a89b", size = 240819, upload-time = "2025-07-25T14:33:15.223Z" },
    { url = "https://files.pythonhosted.org/packages/b9/95/7eb2c76c92192ceca16bc81845ff100bbb93f568b4b94d914b6a4da47d61/orjson-3.11.1-cp314-cp314-macosx_15_0_arm64.whl", hash = "sha256:77c0fe28ed659b62273995244ae2aa430e432c71f86e4573ab16caa2f2e3ca5e", size = 129218, upload-time = "2025-07-25T14:33:16.637Z" },
    { url = "https://files.pythonhosted.org/packages/da/84/e6b67f301b18adbbc346882f456bea44daebbd032ba725dbd7b741e3a7f1/orjson-3.11.1-cp314-cp314-manylinux_2_34_aarch64.whl", hash = "sha256:1495692f1f1ba2467df429343388a0ed259382835922e124c0cfdd56b3d1f727", size = 132238, upload-time = "2025-07-25T14:33:17.934Z" },
    { url = "https://files.pythonhosted.org/packages/84/78/a45a86e29d9b2f391f9d00b22da51bc4b46b86b788fd42df2c5fcf3e8005/orjson-3.11.1-cp314-cp314-manylinux_2_34_x86_64.whl", hash = "sha256:08c6a762fca63ca4dc04f66c48ea5d2428db55839fec996890e1bfaf057b658c", size = 130998, upload-time = "2025-07-25T14:33:19.282Z" },
    { url = "https://files.pythonhosted.org/packages/ea/8f/6eb3ee6760d93b2ce996a8529164ee1f5bafbdf64b74c7314b68db622b32/orjson-3.11.1-cp314-cp314-musllinux_1_2_aarch64.whl", hash = "sha256:9e26794fe3976810b2c01fda29bd9ac7c91a3c1284b29cc9a383989f7b614037", size = 130559, upload-time = "2025-07-25T14:33:20.589Z" },
    { url = "https://files.pythonhosted.org/packages/1b/78/9572ae94bdba6813917c9387e7834224c011ea6b4530ade07d718fd31598/orjson-3.11.1-cp314-cp314-musllinux_1_2_armv7l.whl", hash = "sha256:4b4b4f8f0b1d3ef8dc73e55363a0ffe012a42f4e2f1a140bf559698dca39b3fa", size = 404231, upload-time = "2025-07-25T14:33:22.019Z" },
    { url = "https://files.pythonhosted.org/packages/1f/a3/68381ad0757e084927c5ee6cfdeab1c6c89405949ee493db557e60871c4c/orjson-3.11.1-cp314-cp314-musllinux_1_2_i686.whl", hash = "sha256:848be553ea35aa89bfefbed2e27c8a41244c862956ab8ba00dc0b27e84fd58de", size = 146658, upload-time = "2025-07-25T14:33:23.675Z" },
    { url = "https://files.pythonhosted.org/packages/00/db/fac56acf77aab778296c3f541a3eec643266f28ecd71d6c0cba251e47655/orjson-3.11.1-cp314-cp314-musllinux_1_2_x86_64.whl", hash = "sha256:c964c29711a4b1df52f8d9966f015402a6cf87753a406c1c4405c407dd66fd45", size = 135443, upload-time = "2025-07-25T14:33:25.04Z" },
    { url = "https://files.pythonhosted.org/packages/76/b1/326fa4b87426197ead61c1eec2eeb3babc9eb33b480ac1f93894e40c8c08/orjson-3.11.1-cp314-cp314-win32.whl", hash = "sha256:33aada2e6b6bc9c540d396528b91e666cedb383740fee6e6a917f561b390ecb1", size = 136643, upload-time = "2025-07-25T14:33:26.449Z" },
    { url = "https://files.pythonhosted.org/packages/0f/8e/2987ae2109f3bfd39680f8a187d1bc09ad7f8fb019dcdc719b08c7242ade/orjson-3.11.1-cp314-cp314-win_amd64.whl", hash = "sha256:68e10fd804e44e36188b9952543e3fa22f5aa8394da1b5283ca2b423735c06e8", size = 131324, upload-time = "2025-07-25T14:33:27.896Z" },
    { url = "https://files.pythonhosted.org/packages/21/5f/253e08e6974752b124fbf3a4de3ad53baa766b0cb4a333d47706d307e396/orjson-3.11.1-cp314-cp314-win_arm64.whl", hash = "sha256:f3cf6c07f8b32127d836be8e1c55d4f34843f7df346536da768e9f73f22078a1", size = 126605, upload-time = "2025-07-25T14:33:29.244Z" },
]
